{
  "requires": true,
  "lockfileVersion": 1,
  "dependencies": {
    "huyhue": {
      "version": "1.0.0",
      "resolved": "https://registry.npmjs.org/huyhue/-/huyhue-1.0.0.tgz",
      "integrity": "sha512-OuQsYEjtuZgAPB4uFKlWmQ69qj9Ujxlk4XbbPqn6ieCMaIosBchkJ7cPubmz7d9HgOaRLTqZ7hac/hAqEPX7Kw=="
    }
  }
}
